
Microsoft Visual Studio Solution File, Format Version 12.00
# Visual Studio Version 17
VisualStudioVersion = 17.10.35013.160
MinimumVisualStudioVersion = 10.0.40219.1
Project("{FAE04EC0-301F-11D3-BF4B-00C04F79EFBC}") = "eTickets", "eTickets\eTickets.csproj", "{2D38A6E9-0E83-43A0-80B2-2C8BF939FBD9}"
EndProject
Global
	GlobalSection(SolutionConfigurationPlatforms) = preSolution
		Debug|Any CPU = Debug|Any CPU
		Release|Any CPU = Release|Any CPU
	EndGlobalSection
	GlobalSection(ProjectConfigurationPlatforms) = postSolution
		{2D38A6E9-0E83-43A0-80B2-2C8BF939FBD9}.Debug|Any CPU.ActiveCfg = Debug|Any CPU
		{2D38A6E9-0E83-43A0-80B2-2C8BF939FBD9}.Debug|Any CPU.Build.0 = Debug|Any CPU
		{2D38A6E9-0E83-43A0-80B2-2C8BF939FBD9}.Release|Any CPU.ActiveCfg = Release|Any CPU
		{2D38A6E9-0E83-43A0-80B2-2C8BF939FBD9}.Release|Any CPU.Build.0 = Release|Any CPU
	EndGlobalSection
	GlobalSection(SolutionProperties) = preSolution
		HideSolutionNode = FALSE
	EndGlobalSection
	GlobalSection(ExtensibilityGlobals) = postSolution
		SolutionGuid = {FD3E8BDE-A24D-4341-9B5E-A355D62A418B}
	EndGlobalSection
EndGlobal
